
Microsoft Visual Studio Solution File, Format Version 12.00
# Visual Studio Version 16
VisualStudioVersion = 16.0.29123.88
MinimumVisualStudioVersion = 10.0.40219.1
Project("{FAE04EC0-301F-11D3-BF4B-00C04F79EFBC}") = "AboutMe.UWP", "AboutMe\AboutMe.UWP\AboutMe.UWP.csproj", "{59F167E5-FF24-49EA-8872-CD98003788D7}"
EndProject
Project("{FAE04EC0-301F-11D3-BF4B-00C04F79EFBC}") = "AboutMe.Android", "AboutMe\AboutMe.Android\AboutMe.Android.csproj", "{104C1ACA-48D5-4EAE-8AF6-CB4068D38043}"
EndProject
Project("{FAE04EC0-301F-11D3-BF4B-00C04F79EFBC}") = "AboutMe.iOS", "AboutMe\AboutMe.iOS\AboutMe.iOS.csproj", "{88F8B2B5-1581-4D25-A794-AB3A8A72454A}"
EndProject
Project("{FAE04EC0-301F-11D3-BF4B-00C04F79EFBC}") = "AboutMe", "AboutMe\AboutMe\AboutMe.csproj", "{ADEB0741-4D44-46E5-A90E-28E3E0E6B328}"
EndProject
Global
	GlobalSection(SolutionConfigurationPlatforms) = preSolution
		Debug|Any CPU = Debug|Any CPU
		Debug|ARM = Debug|ARM
		Debug|iPhone = Debug|iPhone
		Debug|iPhoneSimulator = Debug|iPhoneSimulator
		Debug|x64 = Debug|x64
		Debug|x86 = Debug|x86
		Release|Any CPU = Release|Any CPU
		Release|ARM = Release|ARM
		Release|iPhone = Release|iPhone
		Release|iPhoneSimulator = Release|iPhoneSimulator
		Release|x64 = Release|x64
		Release|x86 = Release|x86
	EndGlobalSection
	GlobalSection(ProjectConfigurationPlatforms) = postSolution
		{59F167E5-FF24-49EA-8872-CD98003788D7}.Debug|Any CPU.ActiveCfg = Debug|x86
		{59F167E5-FF24-49EA-8872-CD98003788D7}.Debug|Any CPU.Build.0 = Debug|x86
		{59F167E5-FF24-49EA-8872-CD98003788D7}.Debug|Any CPU.Deploy.0 = Debug|x86
		{59F167E5-FF24-49EA-8872-CD98003788D7}.Debug|ARM.ActiveCfg = Debug|ARM
		{59F167E5-FF24-49EA-8872-CD98003788D7}.Debug|ARM.Build.0 = Debug|ARM
		{59F167E5-FF24-49EA-8872-CD98003788D7}.Debug|ARM.Deploy.0 = Debug|ARM
		{59F167E5-FF24-49EA-8872-CD98003788D7}.Debug|iPhone.ActiveCfg = Debug|x86
		{59F167E5-FF24-49EA-8872-CD98003788D7}.Debug|iPhone.Build.0 = Debug|x86
		{59F167E5-FF24-49EA-8872-CD98003788D7}.Debug|iPhone.Deploy.0 = Debug|x86
		{59F167E5-FF24-49EA-8872-CD98003788D7}.Debug|iPhoneSimulator.ActiveCfg = Debug|x86
		{59F167E5-FF24-49EA-8872-CD98003788D7}.Debug|iPhoneSimulator.Build.0 = Debug|x86
		{59F167E5-FF24-49EA-8872-CD98003788D7}.Debug|iPhoneSimulator.Deploy.0 = Debug|x86
		{59F167E5-FF24-49EA-8872-CD98003788D7}.Debug|x64.ActiveCfg = Debug|x64
		{59F167E5-FF24-49EA-8872-CD98003788D7}.Debug|x64.Build.0 = Debug|x64
		{59F167E5-FF24-49EA-8872-CD98003788D7}.Debug|x64.Deploy.0 = Debug|x64
		{59F167E5-FF24-49EA-8872-CD98003788D7}.Debug|x86.ActiveCfg = Debug|x86
		{59F167E5-FF24-49EA-8872-CD98003788D7}.Debug|x86.Build.0 = Debug|x86
		{59F167E5-FF24-49EA-8872-CD98003788D7}.Debug|x86.Deploy.0 = Debug|x86
		{59F167E5-FF24-49EA-8872-CD98003788D7}.Release|Any CPU.ActiveCfg = Release|x86
		{59F167E5-FF24-49EA-8872-CD98003788D7}.Release|Any CPU.Build.0 = Release|x86
		{59F167E5-FF24-49EA-8872-CD98003788D7}.Release|Any CPU.Deploy.0 = Release|x86
		{59F167E5-FF24-49EA-8872-CD98003788D7}.Release|ARM.ActiveCfg = Release|ARM
		{59F167E5-FF24-49EA-8872-CD98003788D7}.Release|ARM.Build.0 = Release|ARM
		{59F167E5-FF24-49EA-8872-CD98003788D7}.Release|ARM.Deploy.0 = Release|ARM
		{59F167E5-FF24-49EA-8872-CD98003788D7}.Release|iPhone.ActiveCfg = Release|x86
		{59F167E5-FF24-49EA-8872-CD98003788D7}.Release|iPhone.Build.0 = Release|x86
		{59F167E5-FF24-49EA-8872-CD98003788D7}.Release|iPhone.Deploy.0 = Release|x86
		{59F167E5-FF24-49EA-8872-CD98003788D7}.Release|iPhoneSimulator.ActiveCfg = Release|x86
		{59F167E5-FF24-49EA-8872-CD98003788D7}.Release|iPhoneSimulator.Build.0 = Release|x86
		{59F167E5-FF24-49EA-8872-CD98003788D7}.Release|iPhoneSimulator.Deploy.0 = Release|x86
		{59F167E5-FF24-49EA-8872-CD98003788D7}.Release|x64.ActiveCfg = Release|x64
		{59F167E5-FF24-49EA-8872-CD98003788D7}.Release|x64.Build.0 = Release|x64
		{59F167E5-FF24-49EA-8872-CD98003788D7}.Release|x64.Deploy.0 = Release|x64
		{59F167E5-FF24-49EA-8872-CD98003788D7}.Release|x86.ActiveCfg = Release|x86
		{59F167E5-FF24-49EA-8872-CD98003788D7}.Release|x86.Build.0 = Release|x86
		{59F167E5-FF24-49EA-8872-CD98003788D7}.Release|x86.Deploy.0 = Release|x86
		{104C1ACA-48D5-4EAE-8AF6-CB4068D38043}.Debug|Any CPU.ActiveCfg = Debug|Any CPU
		{104C1ACA-48D5-4EAE-8AF6-CB4068D38043}.Debug|Any CPU.Build.0 = Debug|Any CPU
		{104C1ACA-48D5-4EAE-8AF6-CB4068D38043}.Debug|Any CPU.Deploy.0 = Debug|Any CPU
		{104C1ACA-48D5-4EAE-8AF6-CB4068D38043}.Debug|ARM.ActiveCfg = Debug|Any CPU
		{104C1ACA-48D5-4EAE-8AF6-CB4068D38043}.Debug|ARM.Build.0 = Debug|Any CPU
		{104C1ACA-48D5-4EAE-8AF6-CB4068D38043}.Debug|ARM.Deploy.0 = Debug|Any CPU
		{104C1ACA-48D5-4EAE-8AF6-CB4068D38043}.Debug|iPhone.ActiveCfg = Debug|Any CPU
		{104C1ACA-48D5-4EAE-8AF6-CB4068D38043}.Debug|iPhone.Build.0 = Debug|Any CPU
		{104C1ACA-48D5-4EAE-8AF6-CB4068D38043}.Debug|iPhone.Deploy.0 = Debug|Any CPU
		{104C1ACA-48D5-4EAE-8AF6-CB4068D38043}.Debug|iPhoneSimulator.ActiveCfg = Debug|Any CPU
		{104C1ACA-48D5-4EAE-8AF6-CB4068D38043}.Debug|iPhoneSimulator.Build.0 = Debug|Any CPU
		{104C1ACA-48D5-4EAE-8AF6-CB4068D38043}.Debug|iPhoneSimulator.Deploy.0 = Debug|Any CPU
		{104C1ACA-48D5-4EAE-8AF6-CB4068D38043}.Debug|x64.ActiveCfg = Debug|Any CPU
		{104C1ACA-48D5-4EAE-8AF6-CB4068D38043}.Debug|x64.Build.0 = Debug|Any CPU
		{104C1ACA-48D5-4EAE-8AF6-CB4068D38043}.Debug|x64.Deploy.0 = Debug|Any CPU
		{104C1ACA-48D5-4EAE-8AF6-CB4068D38043}.Debug|x86.ActiveCfg = Debug|Any CPU
		{104C1ACA-48D5-4EAE-8AF6-CB4068D38043}.Debug|x86.Build.0 = Debug|Any CPU
		{104C1ACA-48D5-4EAE-8AF6-CB4068D38043}.Debug|x86.Deploy.0 = Debug|Any CPU
		{104C1ACA-48D5-4EAE-8AF6-CB4068D38043}.Release|Any CPU.ActiveCfg = Release|Any CPU
		{104C1ACA-48D5-4EAE-8AF6-CB4068D38043}.Release|Any CPU.Build.0 = Release|Any CPU
		{104C1ACA-48D5-4EAE-8AF6-CB4068D38043}.Release|Any CPU.Deploy.0 = Release|Any CPU
		{104C1ACA-48D5-4EAE-8AF6-CB4068D38043}.Release|ARM.ActiveCfg = Release|Any CPU
		{104C1ACA-48D5-4EAE-8AF6-CB4068D38043}.Release|ARM.Build.0 = Release|Any CPU
		{104C1ACA-48D5-4EAE-8AF6-CB4068D38043}.Release|ARM.Deploy.0 = Release|Any CPU
		{104C1ACA-48D5-4EAE-8AF6-CB4068D38043}.Release|iPhone.ActiveCfg = Release|Any CPU
		{104C1ACA-48D5-4EAE-8AF6-CB4068D38043}.Release|iPhone.Build.0 = Release|Any CPU
		{104C1ACA-48D5-4EAE-8AF6-CB4068D38043}.Release|iPhone.Deploy.0 = Release|Any CPU
		{104C1ACA-48D5-4EAE-8AF6-CB4068D38043}.Release|iPhoneSimulator.ActiveCfg = Release|Any CPU
		{104C1ACA-48D5-4EAE-8AF6-CB4068D38043}.Release|iPhoneSimulator.Build.0 = Release|Any CPU
		{104C1ACA-48D5-4EAE-8AF6-CB4068D38043}.Release|iPhoneSimulator.Deploy.0 = Release|Any CPU
		{104C1ACA-48D5-4EAE-8AF6-CB4068D38043}.Release|x64.ActiveCfg = Release|Any CPU
		{104C1ACA-48D5-4EAE-8AF6-CB4068D38043}.Release|x64.Build.0 = Release|Any CPU
		{104C1ACA-48D5-4EAE-8AF6-CB4068D38043}.Release|x64.Deploy.0 = Release|Any CPU
		{104C1ACA-48D5-4EAE-8AF6-CB4068D38043}.Release|x86.ActiveCfg = Release|Any CPU
		{104C1ACA-48D5-4EAE-8AF6-CB4068D38043}.Release|x86.Build.0 = Release|Any CPU
		{104C1ACA-48D5-4EAE-8AF6-CB4068D38043}.Release|x86.Deploy.0 = Release|Any CPU
		{88F8B2B5-1581-4D25-A794-AB3A8A72454A}.Debug|Any CPU.ActiveCfg = Debug|iPhone
		{88F8B2B5-1581-4D25-A794-AB3A8A72454A}.Debug|Any CPU.Build.0 = Debug|iPhone
		{88F8B2B5-1581-4D25-A794-AB3A8A72454A}.Debug|Any CPU.Deploy.0 = Debug|iPhone
		{88F8B2B5-1581-4D25-A794-AB3A8A72454A}.Debug|ARM.ActiveCfg = Debug|iPhoneSimulator
		{88F8B2B5-1581-4D25-A794-AB3A8A72454A}.Debug|ARM.Build.0 = Debug|iPhoneSimulator
		{88F8B2B5-1581-4D25-A794-AB3A8A72454A}.Debug|ARM.Deploy.0 = Debug|iPhoneSimulator
		{88F8B2B5-1581-4D25-A794-AB3A8A72454A}.Debug|iPhone.ActiveCfg = Debug|iPhone
		{88F8B2B5-1581-4D25-A794-AB3A8A72454A}.Debug|iPhone.Build.0 = Debug|iPhone
		{88F8B2B5-1581-4D25-A794-AB3A8A72454A}.Debug|iPhone.Deploy.0 = Debug|iPhone
		{88F8B2B5-1581-4D25-A794-AB3A8A72454A}.Debug|iPhoneSimulator.ActiveCfg = Debug|iPhoneSimulator
		{88F8B2B5-1581-4D25-A794-AB3A8A72454A}.Debug|iPhoneSimulator.Build.0 = Debug|iPhoneSimulator
		{88F8B2B5-1581-4D25-A794-AB3A8A72454A}.Debug|iPhoneSimulator.Deploy.0 = Debug|iPhoneSimulator
		{88F8B2B5-1581-4D25-A794-AB3A8A72454A}.Debug|x64.ActiveCfg = Debug|iPhone
		{88F8B2B5-1581-4D25-A794-AB3A8A72454A}.Debug|x64.Build.0 = Debug|iPhone
		{88F8B2B5-1581-4D25-A794-AB3A8A72454A}.Debug|x64.Deploy.0 = Debug|iPhone
		{88F8B2B5-1581-4D25-A794-AB3A8A72454A}.Debug|x86.ActiveCfg = Debug|iPhone
		{88F8B2B5-1581-4D25-A794-AB3A8A72454A}.Debug|x86.Build.0 = Debug|iPhone
		{88F8B2B5-1581-4D25-A794-AB3A8A72454A}.Debug|x86.Deploy.0 = Debug|iPhone
		{88F8B2B5-1581-4D25-A794-AB3A8A72454A}.Release|Any CPU.ActiveCfg = Release|iPhone
		{88F8B2B5-1581-4D25-A794-AB3A8A72454A}.Release|Any CPU.Build.0 = Release|iPhone
		{88F8B2B5-1581-4D25-A794-AB3A8A72454A}.Release|Any CPU.Deploy.0 = Release|iPhone
		{88F8B2B5-1581-4D25-A794-AB3A8A72454A}.Release|ARM.ActiveCfg = Release|iPhone
		{88F8B2B5-1581-4D25-A794-AB3A8A72454A}.Release|ARM.Build.0 = Release|iPhone
		{88F8B2B5-1581-4D25-A794-AB3A8A72454A}.Release|ARM.Deploy.0 = Release|iPhone
		{88F8B2B5-1581-4D25-A794-AB3A8A72454A}.Release|iPhone.ActiveCfg = Release|iPhone
		{88F8B2B5-1581-4D25-A794-AB3A8A72454A}.Release|iPhone.Build.0 = Release|iPhone
		{88F8B2B5-1581-4D25-A794-AB3A8A72454A}.Release|iPhone.Deploy.0 = Release|iPhone
		{88F8B2B5-1581-4D25-A794-AB3A8A72454A}.Release|iPhoneSimulator.ActiveCfg = Release|iPhoneSimulator
		{88F8B2B5-1581-4D25-A794-AB3A8A72454A}.Release|iPhoneSimulator.Build.0 = Release|iPhoneSimulator
		{88F8B2B5-1581-4D25-A794-AB3A8A72454A}.Release|iPhoneSimulator.Deploy.0 = Release|iPhoneSimulator
		{88F8B2B5-1581-4D25-A794-AB3A8A72454A}.Release|x64.ActiveCfg = Release|iPhone
		{88F8B2B5-1581-4D25-A794-AB3A8A72454A}.Release|x64.Build.0 = Release|iPhone
		{88F8B2B5-1581-4D25-A794-AB3A8A72454A}.Release|x64.Deploy.0 = Release|iPhone
		{88F8B2B5-1581-4D25-A794-AB3A8A72454A}.Release|x86.ActiveCfg = Release|iPhone
		{88F8B2B5-1581-4D25-A794-AB3A8A72454A}.Release|x86.Build.0 = Release|iPhone
		{88F8B2B5-1581-4D25-A794-AB3A8A72454A}.Release|x86.Deploy.0 = Release|iPhone
		{ADEB0741-4D44-46E5-A90E-28E3E0E6B328}.Debug|Any CPU.ActiveCfg = Debug|Any CPU
		{ADEB0741-4D44-46E5-A90E-28E3E0E6B328}.Debug|Any CPU.Build.0 = Debug|Any CPU
		{ADEB0741-4D44-46E5-A90E-28E3E0E6B328}.Debug|Any CPU.Deploy.0 = Debug|Any CPU
		{ADEB0741-4D44-46E5-A90E-28E3E0E6B328}.Debug|ARM.ActiveCfg = Debug|Any CPU
		{ADEB0741-4D44-46E5-A90E-28E3E0E6B328}.Debug|ARM.Build.0 = Debug|Any CPU
		{ADEB0741-4D44-46E5-A90E-28E3E0E6B328}.Debug|ARM.Deploy.0 = Debug|Any CPU
		{ADEB0741-4D44-46E5-A90E-28E3E0E6B328}.Debug|iPhone.ActiveCfg = Debug|Any CPU
		{ADEB0741-4D44-46E5-A90E-28E3E0E6B328}.Debug|iPhone.Build.0 = Debug|Any CPU
		{ADEB0741-4D44-46E5-A90E-28E3E0E6B328}.Debug|iPhone.Deploy.0 = Debug|Any CPU
		{ADEB0741-4D44-46E5-A90E-28E3E0E6B328}.Debug|iPhoneSimulator.ActiveCfg = Debug|Any CPU
		{ADEB0741-4D44-46E5-A90E-28E3E0E6B328}.Debug|iPhoneSimulator.Build.0 = Debug|Any CPU
		{ADEB0741-4D44-46E5-A90E-28E3E0E6B328}.Debug|iPhoneSimulator.Deploy.0 = Debug|Any CPU
		{ADEB0741-4D44-46E5-A90E-28E3E0E6B328}.Debug|x64.ActiveCfg = Debug|Any CPU
		{ADEB0741-4D44-46E5-A90E-28E3E0E6B328}.Debug|x64.Build.0 = Debug|Any CPU
		{ADEB0741-4D44-46E5-A90E-28E3E0E6B328}.Debug|x64.Deploy.0 = Debug|Any CPU
		{ADEB0741-4D44-46E5-A90E-28E3E0E6B328}.Debug|x86.ActiveCfg = Debug|Any CPU
		{ADEB0741-4D44-46E5-A90E-28E3E0E6B328}.Debug|x86.Build.0 = Debug|Any CPU
		{ADEB0741-4D44-46E5-A90E-28E3E0E6B328}.Debug|x86.Deploy.0 = Debug|Any CPU
		{ADEB0741-4D44-46E5-A90E-28E3E0E6B328}.Release|Any CPU.ActiveCfg = Release|Any CPU
		{ADEB0741-4D44-46E5-A90E-28E3E0E6B328}.Release|Any CPU.Build.0 = Release|Any CPU
		{ADEB0741-4D44-46E5-A90E-28E3E0E6B328}.Release|Any CPU.Deploy.0 = Release|Any CPU
		{ADEB0741-4D44-46E5-A90E-28E3E0E6B328}.Release|ARM.ActiveCfg = Release|Any CPU
		{ADEB0741-4D44-46E5-A90E-28E3E0E6B328}.Release|ARM.Build.0 = Release|Any CPU
		{ADEB0741-4D44-46E5-A90E-28E3E0E6B328}.Release|ARM.Deploy.0 = Release|Any CPU
		{ADEB0741-4D44-46E5-A90E-28E3E0E6B328}.Release|iPhone.ActiveCfg = Release|Any CPU
		{ADEB0741-4D44-46E5-A90E-28E3E0E6B328}.Release|iPhone.Build.0 = Release|Any CPU
		{ADEB0741-4D44-46E5-A90E-28E3E0E6B328}.Release|iPhone.Deploy.0 = Release|Any CPU
		{ADEB0741-4D44-46E5-A90E-28E3E0E6B328}.Release|iPhoneSimulator.ActiveCfg = Release|Any CPU
		{ADEB0741-4D44-46E5-A90E-28E3E0E6B328}.Release|iPhoneSimulator.Build.0 = Release|Any CPU
		{ADEB0741-4D44-46E5-A90E-28E3E0E6B328}.Release|iPhoneSimulator.Deploy.0 = Release|Any CPU
		{ADEB0741-4D44-46E5-A90E-28E3E0E6B328}.Release|x64.ActiveCfg = Release|Any CPU
		{ADEB0741-4D44-46E5-A90E-28E3E0E6B328}.Release|x64.Build.0 = Release|Any CPU
		{ADEB0741-4D44-46E5-A90E-28E3E0E6B328}.Release|x64.Deploy.0 = Release|Any CPU
		{ADEB0741-4D44-46E5-A90E-28E3E0E6B328}.Release|x86.ActiveCfg = Release|Any CPU
		{ADEB0741-4D44-46E5-A90E-28E3E0E6B328}.Release|x86.Build.0 = Release|Any CPU
		{ADEB0741-4D44-46E5-A90E-28E3E0E6B328}.Release|x86.Deploy.0 = Release|Any CPU
	EndGlobalSection
	GlobalSection(SolutionProperties) = preSolution
		HideSolutionNode = FALSE
	EndGlobalSection
	GlobalSection(ExtensibilityGlobals) = postSolution
		SolutionGuid = {5C28D33C-AA0F-4458-AAEA-67EC286592D5}
	EndGlobalSection
EndGlobal
